{
  "name": "neonCalc",
  "lockfileVersion": 2,
  "requires": true,
  "packages": {
    "": {
      "dependencies": {
        "snapsvg": "^0.5.1"
      }
    },
    "node_modules/eve": {
      "version": "0.5.4",
      "resolved": "https://registry.npmjs.org/eve/-/eve-0.5.4.tgz",
      "integrity": "sha512-aqprQ9MAOh1t66PrHxDFmMXPlgNO6Uv1uqvxmwjprQV50jaQ2RqO7O1neY4PJwC+hMnkyMDphu2AQPOPZdjQog=="
    },
    "node_modules/snapsvg": {
      "version": "0.5.1",
      "resolved": "https://registry.npmjs.org/snapsvg/-/snapsvg-0.5.1.tgz",
      "integrity": "sha512-CjwWYsL7+CCk1vCk9BBKGYS4WJVDfJAOMWU+Zhzf8wf6pAm/xT34wnpaMPAgcgCNkxuU6OkQPPd8wGuRCY9aNw==",
      "dependencies": {
        "eve": "~0.5.1"
      }
    }
  },
  "dependencies": {
    "eve": {
      "version": "0.5.4",
      "resolved": "https://registry.npmjs.org/eve/-/eve-0.5.4.tgz",
      "integrity": "sha512-aqprQ9MAOh1t66PrHxDFmMXPlgNO6Uv1uqvxmwjprQV50jaQ2RqO7O1neY4PJwC+hMnkyMDphu2AQPOPZdjQog=="
    },
    "snapsvg": {
      "version": "0.5.1",
      "resolved": "https://registry.npmjs.org/snapsvg/-/snapsvg-0.5.1.tgz",
      "integrity": "sha512-CjwWYsL7+CCk1vCk9BBKGYS4WJVDfJAOMWU+Zhzf8wf6pAm/xT34wnpaMPAgcgCNkxuU6OkQPPd8wGuRCY9aNw==",
      "requires": {
        "eve": "~0.5.1"
      }
    }
  }
}
